
Microsoft Visual Studio Solution File, Format Version 12.00
# Visual Studio Version 16
VisualStudioVersion = 16.0.31005.135
MinimumVisualStudioVersion = 10.0.40219.1
Project("{FAE04EC0-301F-11D3-BF4B-00C04F79EFBC}") = "Calculadora", "Calculadora\Calculadora.csproj", "{1B327E06-BEFD-449C-8BB7-0621935DA0F6}"
EndProject
Global
	GlobalSection(SolutionConfigurationPlatforms) = preSolution
		Debug|Any CPU = Debug|Any CPU
		Release|Any CPU = Release|Any CPU
	EndGlobalSection
	GlobalSection(ProjectConfigurationPlatforms) = postSolution
		{1B327E06-BEFD-449C-8BB7-0621935DA0F6}.Debug|Any CPU.ActiveCfg = Debug|Any CPU
		{1B327E06-BEFD-449C-8BB7-0621935DA0F6}.Debug|Any CPU.Build.0 = Debug|Any CPU
		{1B327E06-BEFD-449C-8BB7-0621935DA0F6}.Release|Any CPU.ActiveCfg = Release|Any CPU
		{1B327E06-BEFD-449C-8BB7-0621935DA0F6}.Release|Any CPU.Build.0 = Release|Any CPU
	EndGlobalSection
	GlobalSection(SolutionProperties) = preSolution
		HideSolutionNode = FALSE
	EndGlobalSection
	GlobalSection(ExtensibilityGlobals) = postSolution
		SolutionGuid = {1A0DAAF4-C6BF-4C0B-B217-670C3032357F}
	EndGlobalSection
EndGlobal
